
Microsoft Visual Studio Solution File, Format Version 12.00
# Visual Studio 15
VisualStudioVersion = 15.0.26020.0
MinimumVisualStudioVersion = 10.0.40219.1
Project("{2150E333-8FDC-42A3-9474-1A3956D46DE8}") = "CS", "CS", "{1A078540-3719-4EBC-89C8-7C114EF88923}"
EndProject
Project("{2150E333-8FDC-42A3-9474-1A3956D46DE8}") = "JS", "JS", "{80C121AB-0315-4C24-ADEF-9D9F100F4FAF}"
EndProject
Project("{9092AA53-FB77-4645-B42D-1CCCA6BD08BD}") = "EleventhDay", "JS\EleventhDay\EleventhDay.njsproj", "{CCEE0878-B819-4302-AC55-C5EA8D83460C}"
EndProject
Project("{FAE04EC0-301F-11D3-BF4B-00C04F79EFBC}") = "TwelfthDay", "CS\TwelfthDay\TwelfthDay.csproj", "{913FFC31-5819-4DAD-A957-216E7A974675}"
EndProject
Project("{9092AA53-FB77-4645-B42D-1CCCA6BD08BD}") = "TwelfthDay", "JS\TwelfthDay\TwelfthDay.njsproj", "{6246DDAC-CC54-49FF-8F58-7CF201056D84}"
EndProject
Project("{FAE04EC0-301F-11D3-BF4B-00C04F79EFBC}") = "EleventhDay", "CS\EleventhDay\EleventhDay.csproj", "{0AFA7B61-2B39-41FD-8104-1682B6FC6FD1}"
EndProject
Project("{FAE04EC0-301F-11D3-BF4B-00C04F79EFBC}") = "FourteenthDay", "CS\FourteenthDay\FourteenthDay.csproj", "{70A66BA7-840D-4EC5-8CC1-536E4C88ABBD}"
EndProject
Project("{FAE04EC0-301F-11D3-BF4B-00C04F79EFBC}") = "FifteenthDay", "CS\FifteenthDay\FifteenthDay.csproj", "{6E98E930-DDA7-4245-AD3B-BBD362D1107F}"
EndProject
Project("{9092AA53-FB77-4645-B42D-1CCCA6BD08BD}") = "FifteenthDay", "JS\FifteenthDay\FifteenthDay.njsproj", "{E2816EC3-B8DA-4E39-84B1-371E95D5F4DA}"
EndProject
Project("{FAE04EC0-301F-11D3-BF4B-00C04F79EFBC}") = "SeventeenthDay", "SeventhDay\SeventeenthDay.csproj", "{B64C0D04-1C24-4373-8AF7-B88CAA23B4EE}"
EndProject
Project("{FAE04EC0-301F-11D3-BF4B-00C04F79EFBC}") = "EighteenthDay", "CS\EighteenthDay\EighteenthDay.csproj", "{9D77006D-B5CE-4772-B025-22C209ECE2AA}"
EndProject
Project("{FAE04EC0-301F-11D3-BF4B-00C04F79EFBC}") = "TwentiethDay", "CS\TwentiethDay\TwentiethDay.csproj", "{BFAA41FB-30F1-4FD9-8C8A-D52D8AB11093}"
EndProject
Project("{FAE04EC0-301F-11D3-BF4B-00C04F79EFBC}") = "TwentyFourthDay", "CS\TwentyFourthDay\TwentyFourthDay.csproj", "{E78828E2-C08E-41DA-9B54-7B8E87E96CBC}"
EndProject
Project("{FAE04EC0-301F-11D3-BF4B-00C04F79EFBC}") = "TwentyFifthDay", "CS\TwentyFifthDay\TwentyFifthDay.csproj", "{899E9850-9639-4AB7-8E74-5AFECD2BFAF7}"
EndProject
Global
	GlobalSection(SolutionConfigurationPlatforms) = preSolution
		Debug|Any CPU = Debug|Any CPU
		Debug|x64 = Debug|x64
		Debug|x86 = Debug|x86
		Release|Any CPU = Release|Any CPU
		Release|x64 = Release|x64
		Release|x86 = Release|x86
	EndGlobalSection
	GlobalSection(ProjectConfigurationPlatforms) = postSolution
		{CCEE0878-B819-4302-AC55-C5EA8D83460C}.Debug|Any CPU.ActiveCfg = Debug|Any CPU
		{CCEE0878-B819-4302-AC55-C5EA8D83460C}.Debug|Any CPU.Build.0 = Debug|Any CPU
		{CCEE0878-B819-4302-AC55-C5EA8D83460C}.Debug|x64.ActiveCfg = Debug|Any CPU
		{CCEE0878-B819-4302-AC55-C5EA8D83460C}.Debug|x64.Build.0 = Debug|Any CPU
		{CCEE0878-B819-4302-AC55-C5EA8D83460C}.Debug|x86.ActiveCfg = Debug|Any CPU
		{CCEE0878-B819-4302-AC55-C5EA8D83460C}.Debug|x86.Build.0 = Debug|Any CPU
		{CCEE0878-B819-4302-AC55-C5EA8D83460C}.Release|Any CPU.ActiveCfg = Release|Any CPU
		{CCEE0878-B819-4302-AC55-C5EA8D83460C}.Release|Any CPU.Build.0 = Release|Any CPU
		{CCEE0878-B819-4302-AC55-C5EA8D83460C}.Release|x64.ActiveCfg = Release|Any CPU
		{CCEE0878-B819-4302-AC55-C5EA8D83460C}.Release|x64.Build.0 = Release|Any CPU
		{CCEE0878-B819-4302-AC55-C5EA8D83460C}.Release|x86.ActiveCfg = Release|Any CPU
		{CCEE0878-B819-4302-AC55-C5EA8D83460C}.Release|x86.Build.0 = Release|Any CPU
		{913FFC31-5819-4DAD-A957-216E7A974675}.Debug|Any CPU.ActiveCfg = Debug|Any CPU
		{913FFC31-5819-4DAD-A957-216E7A974675}.Debug|Any CPU.Build.0 = Debug|Any CPU
		{913FFC31-5819-4DAD-A957-216E7A974675}.Debug|x64.ActiveCfg = Debug|Any CPU
		{913FFC31-5819-4DAD-A957-216E7A974675}.Debug|x64.Build.0 = Debug|Any CPU
		{913FFC31-5819-4DAD-A957-216E7A974675}.Debug|x86.ActiveCfg = Debug|Any CPU
		{913FFC31-5819-4DAD-A957-216E7A974675}.Debug|x86.Build.0 = Debug|Any CPU
		{913FFC31-5819-4DAD-A957-216E7A974675}.Release|Any CPU.ActiveCfg = Release|Any CPU
		{913FFC31-5819-4DAD-A957-216E7A974675}.Release|Any CPU.Build.0 = Release|Any CPU
		{913FFC31-5819-4DAD-A957-216E7A974675}.Release|x64.ActiveCfg = Release|Any CPU
		{913FFC31-5819-4DAD-A957-216E7A974675}.Release|x64.Build.0 = Release|Any CPU
		{913FFC31-5819-4DAD-A957-216E7A974675}.Release|x86.ActiveCfg = Release|Any CPU
		{913FFC31-5819-4DAD-A957-216E7A974675}.Release|x86.Build.0 = Release|Any CPU
		{6246DDAC-CC54-49FF-8F58-7CF201056D84}.Debug|Any CPU.ActiveCfg = Debug|Any CPU
		{6246DDAC-CC54-49FF-8F58-7CF201056D84}.Debug|Any CPU.Build.0 = Debug|Any CPU
		{6246DDAC-CC54-49FF-8F58-7CF201056D84}.Debug|x64.ActiveCfg = Debug|Any CPU
		{6246DDAC-CC54-49FF-8F58-7CF201056D84}.Debug|x64.Build.0 = Debug|Any CPU
		{6246DDAC-CC54-49FF-8F58-7CF201056D84}.Debug|x86.ActiveCfg = Debug|Any CPU
		{6246DDAC-CC54-49FF-8F58-7CF201056D84}.Debug|x86.Build.0 = Debug|Any CPU
		{6246DDAC-CC54-49FF-8F58-7CF201056D84}.Release|Any CPU.ActiveCfg = Release|Any CPU
		{6246DDAC-CC54-49FF-8F58-7CF201056D84}.Release|Any CPU.Build.0 = Release|Any CPU
		{6246DDAC-CC54-49FF-8F58-7CF201056D84}.Release|x64.ActiveCfg = Release|Any CPU
		{6246DDAC-CC54-49FF-8F58-7CF201056D84}.Release|x64.Build.0 = Release|Any CPU
		{6246DDAC-CC54-49FF-8F58-7CF201056D84}.Release|x86.ActiveCfg = Release|Any CPU
		{6246DDAC-CC54-49FF-8F58-7CF201056D84}.Release|x86.Build.0 = Release|Any CPU
		{0AFA7B61-2B39-41FD-8104-1682B6FC6FD1}.Debug|Any CPU.ActiveCfg = Debug|Any CPU
		{0AFA7B61-2B39-41FD-8104-1682B6FC6FD1}.Debug|Any CPU.Build.0 = Debug|Any CPU
		{0AFA7B61-2B39-41FD-8104-1682B6FC6FD1}.Debug|x64.ActiveCfg = Debug|Any CPU
		{0AFA7B61-2B39-41FD-8104-1682B6FC6FD1}.Debug|x64.Build.0 = Debug|Any CPU
		{0AFA7B61-2B39-41FD-8104-1682B6FC6FD1}.Debug|x86.ActiveCfg = Debug|Any CPU
		{0AFA7B61-2B39-41FD-8104-1682B6FC6FD1}.Debug|x86.Build.0 = Debug|Any CPU
		{0AFA7B61-2B39-41FD-8104-1682B6FC6FD1}.Release|Any CPU.ActiveCfg = Release|Any CPU
		{0AFA7B61-2B39-41FD-8104-1682B6FC6FD1}.Release|Any CPU.Build.0 = Release|Any CPU
		{0AFA7B61-2B39-41FD-8104-1682B6FC6FD1}.Release|x64.ActiveCfg = Release|Any CPU
		{0AFA7B61-2B39-41FD-8104-1682B6FC6FD1}.Release|x64.Build.0 = Release|Any CPU
		{0AFA7B61-2B39-41FD-8104-1682B6FC6FD1}.Release|x86.ActiveCfg = Release|Any CPU
		{0AFA7B61-2B39-41FD-8104-1682B6FC6FD1}.Release|x86.Build.0 = Release|Any CPU
		{70A66BA7-840D-4EC5-8CC1-536E4C88ABBD}.Debug|Any CPU.ActiveCfg = Debug|Any CPU
		{70A66BA7-840D-4EC5-8CC1-536E4C88ABBD}.Debug|Any CPU.Build.0 = Debug|Any CPU
		{70A66BA7-840D-4EC5-8CC1-536E4C88ABBD}.Debug|x64.ActiveCfg = Debug|Any CPU
		{70A66BA7-840D-4EC5-8CC1-536E4C88ABBD}.Debug|x64.Build.0 = Debug|Any CPU
		{70A66BA7-840D-4EC5-8CC1-536E4C88ABBD}.Debug|x86.ActiveCfg = Debug|Any CPU
		{70A66BA7-840D-4EC5-8CC1-536E4C88ABBD}.Debug|x86.Build.0 = Debug|Any CPU
		{70A66BA7-840D-4EC5-8CC1-536E4C88ABBD}.Release|Any CPU.ActiveCfg = Release|Any CPU
		{70A66BA7-840D-4EC5-8CC1-536E4C88ABBD}.Release|Any CPU.Build.0 = Release|Any CPU
		{70A66BA7-840D-4EC5-8CC1-536E4C88ABBD}.Release|x64.ActiveCfg = Release|Any CPU
		{70A66BA7-840D-4EC5-8CC1-536E4C88ABBD}.Release|x64.Build.0 = Release|Any CPU
		{70A66BA7-840D-4EC5-8CC1-536E4C88ABBD}.Release|x86.ActiveCfg = Release|Any CPU
		{70A66BA7-840D-4EC5-8CC1-536E4C88ABBD}.Release|x86.Build.0 = Release|Any CPU
		{6E98E930-DDA7-4245-AD3B-BBD362D1107F}.Debug|Any CPU.ActiveCfg = Debug|Any CPU
		{6E98E930-DDA7-4245-AD3B-BBD362D1107F}.Debug|Any CPU.Build.0 = Debug|Any CPU
		{6E98E930-DDA7-4245-AD3B-BBD362D1107F}.Debug|x64.ActiveCfg = Debug|Any CPU
		{6E98E930-DDA7-4245-AD3B-BBD362D1107F}.Debug|x64.Build.0 = Debug|Any CPU
		{6E98E930-DDA7-4245-AD3B-BBD362D1107F}.Debug|x86.ActiveCfg = Debug|Any CPU
		{6E98E930-DDA7-4245-AD3B-BBD362D1107F}.Debug|x86.Build.0 = Debug|Any CPU
		{6E98E930-DDA7-4245-AD3B-BBD362D1107F}.Release|Any CPU.ActiveCfg = Release|Any CPU
		{6E98E930-DDA7-4245-AD3B-BBD362D1107F}.Release|Any CPU.Build.0 = Release|Any CPU
		{6E98E930-DDA7-4245-AD3B-BBD362D1107F}.Release|x64.ActiveCfg = Release|Any CPU
		{6E98E930-DDA7-4245-AD3B-BBD362D1107F}.Release|x64.Build.0 = Release|Any CPU
		{6E98E930-DDA7-4245-AD3B-BBD362D1107F}.Release|x86.ActiveCfg = Release|Any CPU
		{6E98E930-DDA7-4245-AD3B-BBD362D1107F}.Release|x86.Build.0 = Release|Any CPU
		{E2816EC3-B8DA-4E39-84B1-371E95D5F4DA}.Debug|Any CPU.ActiveCfg = Debug|Any CPU
		{E2816EC3-B8DA-4E39-84B1-371E95D5F4DA}.Debug|Any CPU.Build.0 = Debug|Any CPU
		{E2816EC3-B8DA-4E39-84B1-371E95D5F4DA}.Debug|x64.ActiveCfg = Debug|Any CPU
		{E2816EC3-B8DA-4E39-84B1-371E95D5F4DA}.Debug|x64.Build.0 = Debug|Any CPU
		{E2816EC3-B8DA-4E39-84B1-371E95D5F4DA}.Debug|x86.ActiveCfg = Debug|Any CPU
		{E2816EC3-B8DA-4E39-84B1-371E95D5F4DA}.Debug|x86.Build.0 = Debug|Any CPU
		{E2816EC3-B8DA-4E39-84B1-371E95D5F4DA}.Release|Any CPU.ActiveCfg = Release|Any CPU
		{E2816EC3-B8DA-4E39-84B1-371E95D5F4DA}.Release|Any CPU.Build.0 = Release|Any CPU
		{E2816EC3-B8DA-4E39-84B1-371E95D5F4DA}.Release|x64.ActiveCfg = Release|Any CPU
		{E2816EC3-B8DA-4E39-84B1-371E95D5F4DA}.Release|x64.Build.0 = Release|Any CPU
		{E2816EC3-B8DA-4E39-84B1-371E95D5F4DA}.Release|x86.ActiveCfg = Release|Any CPU
		{E2816EC3-B8DA-4E39-84B1-371E95D5F4DA}.Release|x86.Build.0 = Release|Any CPU
		{B64C0D04-1C24-4373-8AF7-B88CAA23B4EE}.Debug|Any CPU.ActiveCfg = Debug|Any CPU
		{B64C0D04-1C24-4373-8AF7-B88CAA23B4EE}.Debug|Any CPU.Build.0 = Debug|Any CPU
		{B64C0D04-1C24-4373-8AF7-B88CAA23B4EE}.Debug|x64.ActiveCfg = Debug|Any CPU
		{B64C0D04-1C24-4373-8AF7-B88CAA23B4EE}.Debug|x64.Build.0 = Debug|Any CPU
		{B64C0D04-1C24-4373-8AF7-B88CAA23B4EE}.Debug|x86.ActiveCfg = Debug|Any CPU
		{B64C0D04-1C24-4373-8AF7-B88CAA23B4EE}.Debug|x86.Build.0 = Debug|Any CPU
		{B64C0D04-1C24-4373-8AF7-B88CAA23B4EE}.Release|Any CPU.ActiveCfg = Release|Any CPU
		{B64C0D04-1C24-4373-8AF7-B88CAA23B4EE}.Release|Any CPU.Build.0 = Release|Any CPU
		{B64C0D04-1C24-4373-8AF7-B88CAA23B4EE}.Release|x64.ActiveCfg = Release|Any CPU
		{B64C0D04-1C24-4373-8AF7-B88CAA23B4EE}.Release|x64.Build.0 = Release|Any CPU
		{B64C0D04-1C24-4373-8AF7-B88CAA23B4EE}.Release|x86.ActiveCfg = Release|Any CPU
		{B64C0D04-1C24-4373-8AF7-B88CAA23B4EE}.Release|x86.Build.0 = Release|Any CPU
		{9D77006D-B5CE-4772-B025-22C209ECE2AA}.Debug|Any CPU.ActiveCfg = Debug|Any CPU
		{9D77006D-B5CE-4772-B025-22C209ECE2AA}.Debug|Any CPU.Build.0 = Debug|Any CPU
		{9D77006D-B5CE-4772-B025-22C209ECE2AA}.Debug|x64.ActiveCfg = Debug|Any CPU
		{9D77006D-B5CE-4772-B025-22C209ECE2AA}.Debug|x64.Build.0 = Debug|Any CPU
		{9D77006D-B5CE-4772-B025-22C209ECE2AA}.Debug|x86.ActiveCfg = Debug|Any CPU
		{9D77006D-B5CE-4772-B025-22C209ECE2AA}.Debug|x86.Build.0 = Debug|Any CPU
		{9D77006D-B5CE-4772-B025-22C209ECE2AA}.Release|Any CPU.ActiveCfg = Release|Any CPU
		{9D77006D-B5CE-4772-B025-22C209ECE2AA}.Release|Any CPU.Build.0 = Release|Any CPU
		{9D77006D-B5CE-4772-B025-22C209ECE2AA}.Release|x64.ActiveCfg = Release|Any CPU
		{9D77006D-B5CE-4772-B025-22C209ECE2AA}.Release|x64.Build.0 = Release|Any CPU
		{9D77006D-B5CE-4772-B025-22C209ECE2AA}.Release|x86.ActiveCfg = Release|Any CPU
		{9D77006D-B5CE-4772-B025-22C209ECE2AA}.Release|x86.Build.0 = Release|Any CPU
		{BFAA41FB-30F1-4FD9-8C8A-D52D8AB11093}.Debug|Any CPU.ActiveCfg = Debug|Any CPU
		{BFAA41FB-30F1-4FD9-8C8A-D52D8AB11093}.Debug|Any CPU.Build.0 = Debug|Any CPU
		{BFAA41FB-30F1-4FD9-8C8A-D52D8AB11093}.Debug|x64.ActiveCfg = Debug|Any CPU
		{BFAA41FB-30F1-4FD9-8C8A-D52D8AB11093}.Debug|x64.Build.0 = Debug|Any CPU
		{BFAA41FB-30F1-4FD9-8C8A-D52D8AB11093}.Debug|x86.ActiveCfg = Debug|Any CPU
		{BFAA41FB-30F1-4FD9-8C8A-D52D8AB11093}.Debug|x86.Build.0 = Debug|Any CPU
		{BFAA41FB-30F1-4FD9-8C8A-D52D8AB11093}.Release|Any CPU.ActiveCfg = Release|Any CPU
		{BFAA41FB-30F1-4FD9-8C8A-D52D8AB11093}.Release|Any CPU.Build.0 = Release|Any CPU
		{BFAA41FB-30F1-4FD9-8C8A-D52D8AB11093}.Release|x64.ActiveCfg = Release|Any CPU
		{BFAA41FB-30F1-4FD9-8C8A-D52D8AB11093}.Release|x64.Build.0 = Release|Any CPU
		{BFAA41FB-30F1-4FD9-8C8A-D52D8AB11093}.Release|x86.ActiveCfg = Release|Any CPU
		{BFAA41FB-30F1-4FD9-8C8A-D52D8AB11093}.Release|x86.Build.0 = Release|Any CPU
		{E78828E2-C08E-41DA-9B54-7B8E87E96CBC}.Debug|Any CPU.ActiveCfg = Debug|Any CPU
		{E78828E2-C08E-41DA-9B54-7B8E87E96CBC}.Debug|Any CPU.Build.0 = Debug|Any CPU
		{E78828E2-C08E-41DA-9B54-7B8E87E96CBC}.Debug|x64.ActiveCfg = Debug|x64
		{E78828E2-C08E-41DA-9B54-7B8E87E96CBC}.Debug|x64.Build.0 = Debug|x64
		{E78828E2-C08E-41DA-9B54-7B8E87E96CBC}.Debug|x86.ActiveCfg = Debug|x86
		{E78828E2-C08E-41DA-9B54-7B8E87E96CBC}.Debug|x86.Build.0 = Debug|x86
		{E78828E2-C08E-41DA-9B54-7B8E87E96CBC}.Release|Any CPU.ActiveCfg = Release|Any CPU
		{E78828E2-C08E-41DA-9B54-7B8E87E96CBC}.Release|Any CPU.Build.0 = Release|Any CPU
		{E78828E2-C08E-41DA-9B54-7B8E87E96CBC}.Release|x64.ActiveCfg = Release|x64
		{E78828E2-C08E-41DA-9B54-7B8E87E96CBC}.Release|x64.Build.0 = Release|x64
		{E78828E2-C08E-41DA-9B54-7B8E87E96CBC}.Release|x86.ActiveCfg = Release|x86
		{E78828E2-C08E-41DA-9B54-7B8E87E96CBC}.Release|x86.Build.0 = Release|x86
		{899E9850-9639-4AB7-8E74-5AFECD2BFAF7}.Debug|Any CPU.ActiveCfg = Debug|Any CPU
		{899E9850-9639-4AB7-8E74-5AFECD2BFAF7}.Debug|Any CPU.Build.0 = Debug|Any CPU
		{899E9850-9639-4AB7-8E74-5AFECD2BFAF7}.Debug|x64.ActiveCfg = Debug|x64
		{899E9850-9639-4AB7-8E74-5AFECD2BFAF7}.Debug|x64.Build.0 = Debug|x64
		{899E9850-9639-4AB7-8E74-5AFECD2BFAF7}.Debug|x86.ActiveCfg = Debug|x86
		{899E9850-9639-4AB7-8E74-5AFECD2BFAF7}.Debug|x86.Build.0 = Debug|x86
		{899E9850-9639-4AB7-8E74-5AFECD2BFAF7}.Release|Any CPU.ActiveCfg = Release|Any CPU
		{899E9850-9639-4AB7-8E74-5AFECD2BFAF7}.Release|Any CPU.Build.0 = Release|Any CPU
		{899E9850-9639-4AB7-8E74-5AFECD2BFAF7}.Release|x64.ActiveCfg = Release|x64
		{899E9850-9639-4AB7-8E74-5AFECD2BFAF7}.Release|x64.Build.0 = Release|x64
		{899E9850-9639-4AB7-8E74-5AFECD2BFAF7}.Release|x86.ActiveCfg = Release|x86
		{899E9850-9639-4AB7-8E74-5AFECD2BFAF7}.Release|x86.Build.0 = Release|x86
	EndGlobalSection
	GlobalSection(SolutionProperties) = preSolution
		HideSolutionNode = FALSE
	EndGlobalSection
	GlobalSection(NestedProjects) = preSolution
		{CCEE0878-B819-4302-AC55-C5EA8D83460C} = {80C121AB-0315-4C24-ADEF-9D9F100F4FAF}
		{913FFC31-5819-4DAD-A957-216E7A974675} = {1A078540-3719-4EBC-89C8-7C114EF88923}
		{6246DDAC-CC54-49FF-8F58-7CF201056D84} = {80C121AB-0315-4C24-ADEF-9D9F100F4FAF}
		{0AFA7B61-2B39-41FD-8104-1682B6FC6FD1} = {1A078540-3719-4EBC-89C8-7C114EF88923}
		{70A66BA7-840D-4EC5-8CC1-536E4C88ABBD} = {1A078540-3719-4EBC-89C8-7C114EF88923}
		{6E98E930-DDA7-4245-AD3B-BBD362D1107F} = {1A078540-3719-4EBC-89C8-7C114EF88923}
		{E2816EC3-B8DA-4E39-84B1-371E95D5F4DA} = {80C121AB-0315-4C24-ADEF-9D9F100F4FAF}
		{B64C0D04-1C24-4373-8AF7-B88CAA23B4EE} = {1A078540-3719-4EBC-89C8-7C114EF88923}
		{9D77006D-B5CE-4772-B025-22C209ECE2AA} = {1A078540-3719-4EBC-89C8-7C114EF88923}
		{BFAA41FB-30F1-4FD9-8C8A-D52D8AB11093} = {1A078540-3719-4EBC-89C8-7C114EF88923}
		{E78828E2-C08E-41DA-9B54-7B8E87E96CBC} = {1A078540-3719-4EBC-89C8-7C114EF88923}
		{899E9850-9639-4AB7-8E74-5AFECD2BFAF7} = {1A078540-3719-4EBC-89C8-7C114EF88923}
	EndGlobalSection
EndGlobal
