
Microsoft Visual Studio Solution File, Format Version 12.00
# Visual Studio 15
VisualStudioVersion = 15.0.25920.0
MinimumVisualStudioVersion = 10.0.40219.1
Project("{2150E333-8FDC-42A3-9474-1A3956D46DE8}") = "CS", "CS", "{1A078540-3719-4EBC-89C8-7C114EF88923}"
EndProject
Project("{2150E333-8FDC-42A3-9474-1A3956D46DE8}") = "JS", "JS", "{80C121AB-0315-4C24-ADEF-9D9F100F4FAF}"
EndProject
Project("{9092AA53-FB77-4645-B42D-1CCCA6BD08BD}") = "EleventhDay", "JS\EleventhDay\EleventhDay.njsproj", "{CCEE0878-B819-4302-AC55-C5EA8D83460C}"
EndProject
Global
	GlobalSection(SolutionConfigurationPlatforms) = preSolution
		Debug|Any CPU = Debug|Any CPU
		Release|Any CPU = Release|Any CPU
	EndGlobalSection
	GlobalSection(ProjectConfigurationPlatforms) = postSolution
		{CCEE0878-B819-4302-AC55-C5EA8D83460C}.Debug|Any CPU.ActiveCfg = Debug|Any CPU
		{CCEE0878-B819-4302-AC55-C5EA8D83460C}.Debug|Any CPU.Build.0 = Debug|Any CPU
		{CCEE0878-B819-4302-AC55-C5EA8D83460C}.Release|Any CPU.ActiveCfg = Release|Any CPU
		{CCEE0878-B819-4302-AC55-C5EA8D83460C}.Release|Any CPU.Build.0 = Release|Any CPU
	EndGlobalSection
	GlobalSection(SolutionProperties) = preSolution
		HideSolutionNode = FALSE
	EndGlobalSection
	GlobalSection(NestedProjects) = preSolution
		{CCEE0878-B819-4302-AC55-C5EA8D83460C} = {80C121AB-0315-4C24-ADEF-9D9F100F4FAF}
	EndGlobalSection
EndGlobal
