
Microsoft Visual Studio Solution File, Format Version 12.00
# Visual Studio 15
VisualStudioVersion = 15.0.25920.0
MinimumVisualStudioVersion = 10.0.40219.1
Project("{2150E333-8FDC-42A3-9474-1A3956D46DE8}") = "CS", "CS", "{1A078540-3719-4EBC-89C8-7C114EF88923}"
EndProject
Project("{2150E333-8FDC-42A3-9474-1A3956D46DE8}") = "JS", "JS", "{80C121AB-0315-4C24-ADEF-9D9F100F4FAF}"
EndProject
Project("{9092AA53-FB77-4645-B42D-1CCCA6BD08BD}") = "EleventhDay", "JS\EleventhDay\EleventhDay.njsproj", "{CCEE0878-B819-4302-AC55-C5EA8D83460C}"
EndProject
Project("{FAE04EC0-301F-11D3-BF4B-00C04F79EFBC}") = "thirtyDaysOfCode.Test", "CS\thirtyDaysOfCode.Test\thirtyDaysOfCode.Test.csproj", "{BB3F2D7E-C432-4DA6-B8D0-18DE25527CED}"
EndProject
Project("{FAE04EC0-301F-11D3-BF4B-00C04F79EFBC}") = "TwelfthDay", "CS\TwelfthDay\TwelfthDay.csproj", "{913FFC31-5819-4DAD-A957-216E7A974675}"
EndProject
Project("{9092AA53-FB77-4645-B42D-1CCCA6BD08BD}") = "TwelfthDay", "JS\TwelfthDay\TwelfthDay.njsproj", "{6246DDAC-CC54-49FF-8F58-7CF201056D84}"
EndProject
Project("{FAE04EC0-301F-11D3-BF4B-00C04F79EFBC}") = "EleventhDay", "CS\EleventhDay\EleventhDay.csproj", "{0AFA7B61-2B39-41FD-8104-1682B6FC6FD1}"
EndProject
Project("{FAE04EC0-301F-11D3-BF4B-00C04F79EFBC}") = "FourteenthDay", "CS\FourteenthDay\FourteenthDay.csproj", "{70A66BA7-840D-4EC5-8CC1-536E4C88ABBD}"
EndProject
Project("{FAE04EC0-301F-11D3-BF4B-00C04F79EFBC}") = "FifteenthDay", "CS\FifteenthDay\FifteenthDay.csproj", "{6E98E930-DDA7-4245-AD3B-BBD362D1107F}"
EndProject
Project("{9092AA53-FB77-4645-B42D-1CCCA6BD08BD}") = "FifteenthDay", "JS\FifteenthDay\FifteenthDay.njsproj", "{E2816EC3-B8DA-4E39-84B1-371E95D5F4DA}"
EndProject
Global
	GlobalSection(SolutionConfigurationPlatforms) = preSolution
		Debug|Any CPU = Debug|Any CPU
		Release|Any CPU = Release|Any CPU
	EndGlobalSection
	GlobalSection(ProjectConfigurationPlatforms) = postSolution
		{CCEE0878-B819-4302-AC55-C5EA8D83460C}.Debug|Any CPU.ActiveCfg = Debug|Any CPU
		{CCEE0878-B819-4302-AC55-C5EA8D83460C}.Debug|Any CPU.Build.0 = Debug|Any CPU
		{CCEE0878-B819-4302-AC55-C5EA8D83460C}.Release|Any CPU.ActiveCfg = Release|Any CPU
		{CCEE0878-B819-4302-AC55-C5EA8D83460C}.Release|Any CPU.Build.0 = Release|Any CPU
		{BB3F2D7E-C432-4DA6-B8D0-18DE25527CED}.Debug|Any CPU.ActiveCfg = Debug|Any CPU
		{BB3F2D7E-C432-4DA6-B8D0-18DE25527CED}.Debug|Any CPU.Build.0 = Debug|Any CPU
		{BB3F2D7E-C432-4DA6-B8D0-18DE25527CED}.Release|Any CPU.ActiveCfg = Release|Any CPU
		{BB3F2D7E-C432-4DA6-B8D0-18DE25527CED}.Release|Any CPU.Build.0 = Release|Any CPU
		{913FFC31-5819-4DAD-A957-216E7A974675}.Debug|Any CPU.ActiveCfg = Debug|Any CPU
		{913FFC31-5819-4DAD-A957-216E7A974675}.Debug|Any CPU.Build.0 = Debug|Any CPU
		{913FFC31-5819-4DAD-A957-216E7A974675}.Release|Any CPU.ActiveCfg = Release|Any CPU
		{913FFC31-5819-4DAD-A957-216E7A974675}.Release|Any CPU.Build.0 = Release|Any CPU
		{6246DDAC-CC54-49FF-8F58-7CF201056D84}.Debug|Any CPU.ActiveCfg = Debug|Any CPU
		{6246DDAC-CC54-49FF-8F58-7CF201056D84}.Debug|Any CPU.Build.0 = Debug|Any CPU
		{6246DDAC-CC54-49FF-8F58-7CF201056D84}.Release|Any CPU.ActiveCfg = Release|Any CPU
		{6246DDAC-CC54-49FF-8F58-7CF201056D84}.Release|Any CPU.Build.0 = Release|Any CPU
		{0AFA7B61-2B39-41FD-8104-1682B6FC6FD1}.Debug|Any CPU.ActiveCfg = Debug|Any CPU
		{0AFA7B61-2B39-41FD-8104-1682B6FC6FD1}.Debug|Any CPU.Build.0 = Debug|Any CPU
		{0AFA7B61-2B39-41FD-8104-1682B6FC6FD1}.Release|Any CPU.ActiveCfg = Release|Any CPU
		{0AFA7B61-2B39-41FD-8104-1682B6FC6FD1}.Release|Any CPU.Build.0 = Release|Any CPU
		{70A66BA7-840D-4EC5-8CC1-536E4C88ABBD}.Debug|Any CPU.ActiveCfg = Debug|Any CPU
		{70A66BA7-840D-4EC5-8CC1-536E4C88ABBD}.Debug|Any CPU.Build.0 = Debug|Any CPU
		{70A66BA7-840D-4EC5-8CC1-536E4C88ABBD}.Release|Any CPU.ActiveCfg = Release|Any CPU
		{70A66BA7-840D-4EC5-8CC1-536E4C88ABBD}.Release|Any CPU.Build.0 = Release|Any CPU
		{6E98E930-DDA7-4245-AD3B-BBD362D1107F}.Debug|Any CPU.ActiveCfg = Debug|Any CPU
		{6E98E930-DDA7-4245-AD3B-BBD362D1107F}.Debug|Any CPU.Build.0 = Debug|Any CPU
		{6E98E930-DDA7-4245-AD3B-BBD362D1107F}.Release|Any CPU.ActiveCfg = Release|Any CPU
		{6E98E930-DDA7-4245-AD3B-BBD362D1107F}.Release|Any CPU.Build.0 = Release|Any CPU
		{E2816EC3-B8DA-4E39-84B1-371E95D5F4DA}.Debug|Any CPU.ActiveCfg = Debug|Any CPU
		{E2816EC3-B8DA-4E39-84B1-371E95D5F4DA}.Debug|Any CPU.Build.0 = Debug|Any CPU
		{E2816EC3-B8DA-4E39-84B1-371E95D5F4DA}.Release|Any CPU.ActiveCfg = Release|Any CPU
		{E2816EC3-B8DA-4E39-84B1-371E95D5F4DA}.Release|Any CPU.Build.0 = Release|Any CPU
	EndGlobalSection
	GlobalSection(SolutionProperties) = preSolution
		HideSolutionNode = FALSE
	EndGlobalSection
	GlobalSection(NestedProjects) = preSolution
		{CCEE0878-B819-4302-AC55-C5EA8D83460C} = {80C121AB-0315-4C24-ADEF-9D9F100F4FAF}
		{913FFC31-5819-4DAD-A957-216E7A974675} = {1A078540-3719-4EBC-89C8-7C114EF88923}
		{6246DDAC-CC54-49FF-8F58-7CF201056D84} = {80C121AB-0315-4C24-ADEF-9D9F100F4FAF}
		{0AFA7B61-2B39-41FD-8104-1682B6FC6FD1} = {1A078540-3719-4EBC-89C8-7C114EF88923}
		{70A66BA7-840D-4EC5-8CC1-536E4C88ABBD} = {1A078540-3719-4EBC-89C8-7C114EF88923}
		{6E98E930-DDA7-4245-AD3B-BBD362D1107F} = {1A078540-3719-4EBC-89C8-7C114EF88923}
		{E2816EC3-B8DA-4E39-84B1-371E95D5F4DA} = {80C121AB-0315-4C24-ADEF-9D9F100F4FAF}
	EndGlobalSection
EndGlobal
